<?xml version="1.0" encoding="utf-8"?>
<Project ToolsVersion="4.0" xmlns="http://schemas.microsoft.com/developer/msbuild/2003">
  <ItemGroup>
    <Filter Include="源文件">
      <UniqueIdentifier>{4FC737F1-C7A5-4376-A066-2A32D752A2FF}</UniqueIdentifier>
      <Extensions>cpp;c;cc;cxx;def;odl;idl;hpj;bat;asm;asmx</Extensions>
    </Filter>
    <Filter Include="头文件">
      <UniqueIdentifier>{93995380-89BD-4b04-88EB-625FBE52EBFB}</UniqueIdentifier>
      <Extensions>h;hh;hpp;hxx;hm;inl;inc;xsd</Extensions>
    </Filter>
    <Filter Include="源文件\civetweb">
      <UniqueIdentifier>{8785b3a5-e756-4c3b-8d0f-05e2762c97db}</UniqueIdentifier>
    </Filter>
  </ItemGroup>
  <ItemGroup>
    <ClCompile Include="converter.cpp">
      <Filter>源文件</Filter>
    </ClCompile>
    <ClCompile Include="MeadiaServer.cpp">
      <Filter>源文件</Filter>
    </ClCompile>
    <ClCompile Include="splitter.cpp">
      <Filter>源文件</Filter>
    </ClCompile>
    <ClCompile Include="UNVPlayer.cpp">
      <Filter>源文件</Filter>
    </ClCompile>
    <ClCompile Include="UNVSDK.cpp">
      <Filter>源文件</Filter>
    </ClCompile>
    <ClCompile Include="webserver.cpp">
      <Filter>源文件</Filter>
    </ClCompile>
    <ClCompile Include="..\civetweb\src\civetweb.c">
      <Filter>源文件\civetweb</Filter>
    </ClCompile>
    <ClCompile Include="..\civetweb\src\CivetServer.cpp">
      <Filter>源文件\civetweb</Filter>
    </ClCompile>
  </ItemGroup>
  <ItemGroup>
    <ClInclude Include="converter.h">
      <Filter>头文件</Filter>
    </ClInclude>
    <ClInclude Include="splitter.h">
      <Filter>头文件</Filter>
    </ClInclude>
    <ClInclude Include="UNVPlayer.h">
      <Filter>头文件</Filter>
    </ClInclude>
    <ClInclude Include="UNVSDK.h">
      <Filter>头文件</Filter>
    </ClInclude>
    <ClInclude Include="WebHandler.hpp">
      <Filter>头文件</Filter>
    </ClInclude>
    <ClInclude Include="WebServer.hpp">
      <Filter>头文件</Filter>
    </ClInclude>
    <ClInclude Include="WebSocktStreamBuf.hpp">
      <Filter>头文件</Filter>
    </ClInclude>
  </ItemGroup>
</Project>